
Microsoft Visual Studio Solution File, Format Version 12.00
# Visual Studio Version 16
VisualStudioVersion = 16.0.29123.88
MinimumVisualStudioVersion = 10.0.40219.1
Project("{9092AA53-FB77-4645-B42D-1CCCA6BD08BD}") = "webserver", "webserver.njsproj", "{555648D4-5EFD-4EDC-A825-0B18E551DC51}"
EndProject
Global
	GlobalSection(SolutionConfigurationPlatforms) = preSolution
		Debug|Any CPU = Debug|Any CPU
		Release|Any CPU = Release|Any CPU
	EndGlobalSection
	GlobalSection(ProjectConfigurationPlatforms) = postSolution
		{555648D4-5EFD-4EDC-A825-0B18E551DC51}.Debug|Any CPU.ActiveCfg = Debug|Any CPU
		{555648D4-5EFD-4EDC-A825-0B18E551DC51}.Debug|Any CPU.Build.0 = Debug|Any CPU
		{555648D4-5EFD-4EDC-A825-0B18E551DC51}.Release|Any CPU.ActiveCfg = Release|Any CPU
		{555648D4-5EFD-4EDC-A825-0B18E551DC51}.Release|Any CPU.Build.0 = Release|Any CPU
	EndGlobalSection
	GlobalSection(SolutionProperties) = preSolution
		HideSolutionNode = FALSE
	EndGlobalSection
	GlobalSection(ExtensibilityGlobals) = postSolution
		SolutionGuid = {F9636C49-DE4F-4E39-B712-766EC40C9ED7}
	EndGlobalSection
EndGlobal
